
Microsoft Visual Studio Solution File, Format Version 12.00
# Visual Studio 2012
Project("{888888A0-9F3D-457C-B088-3A5042F75D52}") = "igcc-PTVS", "igcc-PTVS.pyproj", "{6FF68FFE-52A6-4E8E-A29F-ADAD15270368}"
EndProject
Global
	GlobalSection(SolutionConfigurationPlatforms) = preSolution
		Debug|Any CPU = Debug|Any CPU
		Release|Any CPU = Release|Any CPU
	EndGlobalSection
	GlobalSection(ProjectConfigurationPlatforms) = postSolution
		{6FF68FFE-52A6-4E8E-A29F-ADAD15270368}.Debug|Any CPU.ActiveCfg = Debug|Any CPU
		{6FF68FFE-52A6-4E8E-A29F-ADAD15270368}.Release|Any CPU.ActiveCfg = Release|Any CPU
	EndGlobalSection
	GlobalSection(SolutionProperties) = preSolution
		HideSolutionNode = FALSE
	EndGlobalSection
EndGlobal
